
Microsoft Visual Studio Solution File, Format Version 12.00
# Visual Studio Version 17
VisualStudioVersion = 17.3.32929.385
MinimumVisualStudioVersion = 10.0.40219.1
Project("{9A19103F-16F7-4668-BE54-9A1E7A4F7556}") = "TileCost", "ConsoleApp1\TileCost.csproj", "{923EA55F-0708-47EC-9DE3-96FC92ABB004}"
EndProject
Global
	GlobalSection(SolutionConfigurationPlatforms) = preSolution
		Debug|Any CPU = Debug|Any CPU
		Release|Any CPU = Release|Any CPU
	EndGlobalSection
	GlobalSection(ProjectConfigurationPlatforms) = postSolution
		{923EA55F-0708-47EC-9DE3-96FC92ABB004}.Debug|Any CPU.ActiveCfg = Debug|Any CPU
		{923EA55F-0708-47EC-9DE3-96FC92ABB004}.Debug|Any CPU.Build.0 = Debug|Any CPU
		{923EA55F-0708-47EC-9DE3-96FC92ABB004}.Release|Any CPU.ActiveCfg = Release|Any CPU
		{923EA55F-0708-47EC-9DE3-96FC92ABB004}.Release|Any CPU.Build.0 = Release|Any CPU
	EndGlobalSection
	GlobalSection(SolutionProperties) = preSolution
		HideSolutionNode = FALSE
	EndGlobalSection
	GlobalSection(ExtensibilityGlobals) = postSolution
		SolutionGuid = {ABA12786-C592-436E-89E0-5F946A2365E5}
	EndGlobalSection
EndGlobal
